
Microsoft Visual Studio Solution File, Format Version 12.00
# Visual Studio Version 17
VisualStudioVersion = 17.0.31903.59
MinimumVisualStudioVersion = 10.0.40219.1
Project("{2150E333-8FDC-42A3-9474-1A3956D46DE8}") = "src", "src", "{827E0CD3-B72D-47B6-A68D-7590B98EB39B}"
EndProject
Project("{FAE04EC0-301F-11D3-BF4B-00C04F79EFBC}") = "Pim.Core", "src\Pim.Core\Pim.Core.csproj", "{30274502-E958-4547-AC4E-214E46EF65CE}"
EndProject
Project("{FAE04EC0-301F-11D3-BF4B-00C04F79EFBC}") = "Pim.Infrastructure", "src\Pim.Infrastructure\Pim.Infrastructure.csproj", "{3739DF66-D281-4897-94BE-BD546CEDDF9F}"
EndProject
Project("{FAE04EC0-301F-11D3-BF4B-00C04F79EFBC}") = "Pim.Api", "src\Pim.Api\Pim.Api.csproj", "{EF1D2450-3F50-4D33-B078-D3A4A0FCADBB}"
EndProject
Project("{2150E333-8FDC-42A3-9474-1A3956D46DE8}") = "modules", "modules", "{EC447DCF-ABFA-6E24-52A5-D7FD48A5C558}"
EndProject
Project("{FAE04EC0-301F-11D3-BF4B-00C04F79EFBC}") = "Pim.Module.Calendar", "src\modules\Pim.Module.Calendar\Pim.Module.Calendar.csproj", "{31CB4100-DC2A-42B6-8E8D-06477999738D}"
EndProject
Project("{2150E333-8FDC-42A3-9474-1A3956D46DE8}") = "tests", "tests", "{0AB3BF05-4346-4AA6-1389-037BE0695223}"
EndProject
Project("{FAE04EC0-301F-11D3-BF4B-00C04F79EFBC}") = "Pim.UnitTests", "tests\Pim.UnitTests\Pim.UnitTests.csproj", "{0494EF16-B2FD-4D24-982B-4CDC4238F0A5}"
EndProject
Project("{FAE04EC0-301F-11D3-BF4B-00C04F79EFBC}") = "Pim.Module.Stats", "src\modules\Pim.Module.Stats\Pim.Module.Stats.csproj", "{6378D14E-01D7-4E30-A189-5398C8A70E38}"
EndProject
Project("{FAE04EC0-301F-11D3-BF4B-00C04F79EFBC}") = "Pim.Module.QuickNotes", "src\modules\Pim.Module.QuickNotes\Pim.Module.QuickNotes.csproj", "{6ECC497D-58EB-4D0D-B102-92DB769991BE}"
EndProject
Global
	GlobalSection(SolutionConfigurationPlatforms) = preSolution
		Debug|Any CPU = Debug|Any CPU
		Debug|x64 = Debug|x64
		Debug|x86 = Debug|x86
		Release|Any CPU = Release|Any CPU
		Release|x64 = Release|x64
		Release|x86 = Release|x86
	EndGlobalSection
	GlobalSection(ProjectConfigurationPlatforms) = postSolution
		{30274502-E958-4547-AC4E-214E46EF65CE}.Debug|Any CPU.ActiveCfg = Debug|Any CPU
		{30274502-E958-4547-AC4E-214E46EF65CE}.Debug|Any CPU.Build.0 = Debug|Any CPU
		{30274502-E958-4547-AC4E-214E46EF65CE}.Debug|x64.ActiveCfg = Debug|Any CPU
		{30274502-E958-4547-AC4E-214E46EF65CE}.Debug|x64.Build.0 = Debug|Any CPU
		{30274502-E958-4547-AC4E-214E46EF65CE}.Debug|x86.ActiveCfg = Debug|Any CPU
		{30274502-E958-4547-AC4E-214E46EF65CE}.Debug|x86.Build.0 = Debug|Any CPU
		{30274502-E958-4547-AC4E-214E46EF65CE}.Release|Any CPU.ActiveCfg = Release|Any CPU
		{30274502-E958-4547-AC4E-214E46EF65CE}.Release|Any CPU.Build.0 = Release|Any CPU
		{30274502-E958-4547-AC4E-214E46EF65CE}.Release|x64.ActiveCfg = Release|Any CPU
		{30274502-E958-4547-AC4E-214E46EF65CE}.Release|x64.Build.0 = Release|Any CPU
		{30274502-E958-4547-AC4E-214E46EF65CE}.Release|x86.ActiveCfg = Release|Any CPU
		{30274502-E958-4547-AC4E-214E46EF65CE}.Release|x86.Build.0 = Release|Any CPU
		{3739DF66-D281-4897-94BE-BD546CEDDF9F}.Debug|Any CPU.ActiveCfg = Debug|Any CPU
		{3739DF66-D281-4897-94BE-BD546CEDDF9F}.Debug|Any CPU.Build.0 = Debug|Any CPU
		{3739DF66-D281-4897-94BE-BD546CEDDF9F}.Debug|x64.ActiveCfg = Debug|Any CPU
		{3739DF66-D281-4897-94BE-BD546CEDDF9F}.Debug|x64.Build.0 = Debug|Any CPU
		{3739DF66-D281-4897-94BE-BD546CEDDF9F}.Debug|x86.ActiveCfg = Debug|Any CPU
		{3739DF66-D281-4897-94BE-BD546CEDDF9F}.Debug|x86.Build.0 = Debug|Any CPU
		{3739DF66-D281-4897-94BE-BD546CEDDF9F}.Release|Any CPU.ActiveCfg = Release|Any CPU
		{3739DF66-D281-4897-94BE-BD546CEDDF9F}.Release|Any CPU.Build.0 = Release|Any CPU
		{3739DF66-D281-4897-94BE-BD546CEDDF9F}.Release|x64.ActiveCfg = Release|Any CPU
		{3739DF66-D281-4897-94BE-BD546CEDDF9F}.Release|x64.Build.0 = Release|Any CPU
		{3739DF66-D281-4897-94BE-BD546CEDDF9F}.Release|x86.ActiveCfg = Release|Any CPU
		{3739DF66-D281-4897-94BE-BD546CEDDF9F}.Release|x86.Build.0 = Release|Any CPU
		{EF1D2450-3F50-4D33-B078-D3A4A0FCADBB}.Debug|Any CPU.ActiveCfg = Debug|Any CPU
		{EF1D2450-3F50-4D33-B078-D3A4A0FCADBB}.Debug|Any CPU.Build.0 = Debug|Any CPU
		{EF1D2450-3F50-4D33-B078-D3A4A0FCADBB}.Debug|x64.ActiveCfg = Debug|Any CPU
		{EF1D2450-3F50-4D33-B078-D3A4A0FCADBB}.Debug|x64.Build.0 = Debug|Any CPU
		{EF1D2450-3F50-4D33-B078-D3A4A0FCADBB}.Debug|x86.ActiveCfg = Debug|Any CPU
		{EF1D2450-3F50-4D33-B078-D3A4A0FCADBB}.Debug|x86.Build.0 = Debug|Any CPU
		{EF1D2450-3F50-4D33-B078-D3A4A0FCADBB}.Release|Any CPU.ActiveCfg = Release|Any CPU
		{EF1D2450-3F50-4D33-B078-D3A4A0FCADBB}.Release|Any CPU.Build.0 = Release|Any CPU
		{EF1D2450-3F50-4D33-B078-D3A4A0FCADBB}.Release|x64.ActiveCfg = Release|Any CPU
		{EF1D2450-3F50-4D33-B078-D3A4A0FCADBB}.Release|x64.Build.0 = Release|Any CPU
		{EF1D2450-3F50-4D33-B078-D3A4A0FCADBB}.Release|x86.ActiveCfg = Release|Any CPU
		{EF1D2450-3F50-4D33-B078-D3A4A0FCADBB}.Release|x86.Build.0 = Release|Any CPU
		{31CB4100-DC2A-42B6-8E8D-06477999738D}.Debug|Any CPU.ActiveCfg = Debug|Any CPU
		{31CB4100-DC2A-42B6-8E8D-06477999738D}.Debug|Any CPU.Build.0 = Debug|Any CPU
		{31CB4100-DC2A-42B6-8E8D-06477999738D}.Debug|x64.ActiveCfg = Debug|Any CPU
		{31CB4100-DC2A-42B6-8E8D-06477999738D}.Debug|x64.Build.0 = Debug|Any CPU
		{31CB4100-DC2A-42B6-8E8D-06477999738D}.Debug|x86.ActiveCfg = Debug|Any CPU
		{31CB4100-DC2A-42B6-8E8D-06477999738D}.Debug|x86.Build.0 = Debug|Any CPU
		{31CB4100-DC2A-42B6-8E8D-06477999738D}.Release|Any CPU.ActiveCfg = Release|Any CPU
		{31CB4100-DC2A-42B6-8E8D-06477999738D}.Release|Any CPU.Build.0 = Release|Any CPU
		{31CB4100-DC2A-42B6-8E8D-06477999738D}.Release|x64.ActiveCfg = Release|Any CPU
		{31CB4100-DC2A-42B6-8E8D-06477999738D}.Release|x64.Build.0 = Release|Any CPU
		{31CB4100-DC2A-42B6-8E8D-06477999738D}.Release|x86.ActiveCfg = Release|Any CPU
		{31CB4100-DC2A-42B6-8E8D-06477999738D}.Release|x86.Build.0 = Release|Any CPU
		{0494EF16-B2FD-4D24-982B-4CDC4238F0A5}.Debug|Any CPU.ActiveCfg = Debug|Any CPU
		{0494EF16-B2FD-4D24-982B-4CDC4238F0A5}.Debug|Any CPU.Build.0 = Debug|Any CPU
		{0494EF16-B2FD-4D24-982B-4CDC4238F0A5}.Debug|x64.ActiveCfg = Debug|Any CPU
		{0494EF16-B2FD-4D24-982B-4CDC4238F0A5}.Debug|x64.Build.0 = Debug|Any CPU
		{0494EF16-B2FD-4D24-982B-4CDC4238F0A5}.Debug|x86.ActiveCfg = Debug|Any CPU
		{0494EF16-B2FD-4D24-982B-4CDC4238F0A5}.Debug|x86.Build.0 = Debug|Any CPU
		{0494EF16-B2FD-4D24-982B-4CDC4238F0A5}.Release|Any CPU.ActiveCfg = Release|Any CPU
		{0494EF16-B2FD-4D24-982B-4CDC4238F0A5}.Release|Any CPU.Build.0 = Release|Any CPU
		{0494EF16-B2FD-4D24-982B-4CDC4238F0A5}.Release|x64.ActiveCfg = Release|Any CPU
		{0494EF16-B2FD-4D24-982B-4CDC4238F0A5}.Release|x64.Build.0 = Release|Any CPU
		{0494EF16-B2FD-4D24-982B-4CDC4238F0A5}.Release|x86.ActiveCfg = Release|Any CPU
		{0494EF16-B2FD-4D24-982B-4CDC4238F0A5}.Release|x86.Build.0 = Release|Any CPU
		{6378D14E-01D7-4E30-A189-5398C8A70E38}.Debug|Any CPU.ActiveCfg = Debug|Any CPU
		{6378D14E-01D7-4E30-A189-5398C8A70E38}.Debug|Any CPU.Build.0 = Debug|Any CPU
		{6378D14E-01D7-4E30-A189-5398C8A70E38}.Debug|x64.ActiveCfg = Debug|Any CPU
		{6378D14E-01D7-4E30-A189-5398C8A70E38}.Debug|x64.Build.0 = Debug|Any CPU
		{6378D14E-01D7-4E30-A189-5398C8A70E38}.Debug|x86.ActiveCfg = Debug|Any CPU
		{6378D14E-01D7-4E30-A189-5398C8A70E38}.Debug|x86.Build.0 = Debug|Any CPU
		{6378D14E-01D7-4E30-A189-5398C8A70E38}.Release|Any CPU.ActiveCfg = Release|Any CPU
		{6378D14E-01D7-4E30-A189-5398C8A70E38}.Release|Any CPU.Build.0 = Release|Any CPU
		{6378D14E-01D7-4E30-A189-5398C8A70E38}.Release|x64.ActiveCfg = Release|Any CPU
		{6378D14E-01D7-4E30-A189-5398C8A70E38}.Release|x64.Build.0 = Release|Any CPU
		{6378D14E-01D7-4E30-A189-5398C8A70E38}.Release|x86.ActiveCfg = Release|Any CPU
		{6378D14E-01D7-4E30-A189-5398C8A70E38}.Release|x86.Build.0 = Release|Any CPU
		{6ECC497D-58EB-4D0D-B102-92DB769991BE}.Debug|Any CPU.ActiveCfg = Debug|Any CPU
		{6ECC497D-58EB-4D0D-B102-92DB769991BE}.Debug|Any CPU.Build.0 = Debug|Any CPU
		{6ECC497D-58EB-4D0D-B102-92DB769991BE}.Debug|x64.ActiveCfg = Debug|Any CPU
		{6ECC497D-58EB-4D0D-B102-92DB769991BE}.Debug|x64.Build.0 = Debug|Any CPU
		{6ECC497D-58EB-4D0D-B102-92DB769991BE}.Debug|x86.ActiveCfg = Debug|Any CPU
		{6ECC497D-58EB-4D0D-B102-92DB769991BE}.Debug|x86.Build.0 = Debug|Any CPU
		{6ECC497D-58EB-4D0D-B102-92DB769991BE}.Release|Any CPU.ActiveCfg = Release|Any CPU
		{6ECC497D-58EB-4D0D-B102-92DB769991BE}.Release|Any CPU.Build.0 = Release|Any CPU
		{6ECC497D-58EB-4D0D-B102-92DB769991BE}.Release|x64.ActiveCfg = Release|Any CPU
		{6ECC497D-58EB-4D0D-B102-92DB769991BE}.Release|x64.Build.0 = Release|Any CPU
		{6ECC497D-58EB-4D0D-B102-92DB769991BE}.Release|x86.ActiveCfg = Release|Any CPU
		{6ECC497D-58EB-4D0D-B102-92DB769991BE}.Release|x86.Build.0 = Release|Any CPU
	EndGlobalSection
	GlobalSection(SolutionProperties) = preSolution
		HideSolutionNode = FALSE
	EndGlobalSection
	GlobalSection(NestedProjects) = preSolution
		{30274502-E958-4547-AC4E-214E46EF65CE} = {827E0CD3-B72D-47B6-A68D-7590B98EB39B}
		{3739DF66-D281-4897-94BE-BD546CEDDF9F} = {827E0CD3-B72D-47B6-A68D-7590B98EB39B}
		{EF1D2450-3F50-4D33-B078-D3A4A0FCADBB} = {827E0CD3-B72D-47B6-A68D-7590B98EB39B}
		{EC447DCF-ABFA-6E24-52A5-D7FD48A5C558} = {827E0CD3-B72D-47B6-A68D-7590B98EB39B}
		{31CB4100-DC2A-42B6-8E8D-06477999738D} = {EC447DCF-ABFA-6E24-52A5-D7FD48A5C558}
		{0494EF16-B2FD-4D24-982B-4CDC4238F0A5} = {0AB3BF05-4346-4AA6-1389-037BE0695223}
		{6378D14E-01D7-4E30-A189-5398C8A70E38} = {EC447DCF-ABFA-6E24-52A5-D7FD48A5C558}
		{6ECC497D-58EB-4D0D-B102-92DB769991BE} = {EC447DCF-ABFA-6E24-52A5-D7FD48A5C558}
	EndGlobalSection
EndGlobal
